
Microsoft Visual Studio Solution File, Format Version 12.00
# Visual Studio Version 17
VisualStudioVersion = 17.11.35222.181
MinimumVisualStudioVersion = 10.0.40219.1
Project("{FAE04EC0-301F-11D3-BF4B-00C04F79EFBC}") = "ObjectOrientedPractics", "ObjectOrientedPractics.csproj", "{5383F909-0A28-4DEF-BC1A-CDD56327A27D}"
EndProject
Global
	GlobalSection(SolutionConfigurationPlatforms) = preSolution
		Debug|Any CPU = Debug|Any CPU
		Release|Any CPU = Release|Any CPU
	EndGlobalSection
	GlobalSection(ProjectConfigurationPlatforms) = postSolution
		{5383F909-0A28-4DEF-BC1A-CDD56327A27D}.Debug|Any CPU.ActiveCfg = Debug|Any CPU
		{5383F909-0A28-4DEF-BC1A-CDD56327A27D}.Debug|Any CPU.Build.0 = Debug|Any CPU
		{5383F909-0A28-4DEF-BC1A-CDD56327A27D}.Release|Any CPU.ActiveCfg = Release|Any CPU
		{5383F909-0A28-4DEF-BC1A-CDD56327A27D}.Release|Any CPU.Build.0 = Release|Any CPU
	EndGlobalSection
	GlobalSection(SolutionProperties) = preSolution
		HideSolutionNode = FALSE
	EndGlobalSection
	GlobalSection(ExtensibilityGlobals) = postSolution
		SolutionGuid = {1AE62994-ACCA-4CE8-A36C-13E4DB1F6099}
	EndGlobalSection
EndGlobal
